
Microsoft Visual Studio Solution File, Format Version 12.00
# Visual Studio Version 16
VisualStudioVersion = 16.0.29806.167
MinimumVisualStudioVersion = 10.0.40219.1
Project("{FAE04EC0-301F-11D3-BF4B-00C04F79EFBC}") = "ScaleApp", "ScaleApp.csproj", "{2981BF70-38CF-4F52-B9CD-4F6A16A97B9E}"
EndProject
Project("{54435603-DBB4-11D2-8724-00A0C9A8B90C}") = "Setup", "..\Setup_ScaleApp_v1.1\Setup\Setup.vdproj", "{15398775-D0F8-495E-B8D0-B624D67D171E}"
EndProject
Global
	GlobalSection(SolutionConfigurationPlatforms) = preSolution
		Debug|Any CPU = Debug|Any CPU
		Release|Any CPU = Release|Any CPU
	EndGlobalSection
	GlobalSection(ProjectConfigurationPlatforms) = postSolution
		{2981BF70-38CF-4F52-B9CD-4F6A16A97B9E}.Debug|Any CPU.ActiveCfg = Debug|Any CPU
		{2981BF70-38CF-4F52-B9CD-4F6A16A97B9E}.Debug|Any CPU.Build.0 = Debug|Any CPU
		{2981BF70-38CF-4F52-B9CD-4F6A16A97B9E}.Release|Any CPU.ActiveCfg = Release|Any CPU
		{2981BF70-38CF-4F52-B9CD-4F6A16A97B9E}.Release|Any CPU.Build.0 = Release|Any CPU
		{15398775-D0F8-495E-B8D0-B624D67D171E}.Debug|Any CPU.ActiveCfg = Debug
		{15398775-D0F8-495E-B8D0-B624D67D171E}.Release|Any CPU.ActiveCfg = Release
	EndGlobalSection
	GlobalSection(SolutionProperties) = preSolution
		HideSolutionNode = FALSE
	EndGlobalSection
	GlobalSection(ExtensibilityGlobals) = postSolution
		SolutionGuid = {93B355E6-D40D-4E02-ADA5-F1878049D323}
	EndGlobalSection
EndGlobal
